
Microsoft Visual Studio Solution File, Format Version 12.00
# Visual Studio Version 16
VisualStudioVersion = 16.0.30114.105
MinimumVisualStudioVersion = 10.0.40219.1
Project("{FAE04EC0-301F-11D3-BF4B-00C04F79EFBC}") = "WpfApp(1st_SI_Practice )", "WpfApp(1st_SI_Practice ).csproj", "{D3035FF4-C09C-416D-B7B9-DCFEB781E5B0}"
EndProject
Project("{FAE04EC0-301F-11D3-BF4B-00C04F79EFBC}") = "Practice", "..\Practice\Practice.csproj", "{7245A893-752B-461C-9A36-BFB318927C6C}"
EndProject
Global
	GlobalSection(SolutionConfigurationPlatforms) = preSolution
		Debug|Any CPU = Debug|Any CPU
		Release|Any CPU = Release|Any CPU
	EndGlobalSection
	GlobalSection(ProjectConfigurationPlatforms) = postSolution
		{D3035FF4-C09C-416D-B7B9-DCFEB781E5B0}.Debug|Any CPU.ActiveCfg = Debug|Any CPU
		{D3035FF4-C09C-416D-B7B9-DCFEB781E5B0}.Debug|Any CPU.Build.0 = Debug|Any CPU
		{D3035FF4-C09C-416D-B7B9-DCFEB781E5B0}.Release|Any CPU.ActiveCfg = Release|Any CPU
		{D3035FF4-C09C-416D-B7B9-DCFEB781E5B0}.Release|Any CPU.Build.0 = Release|Any CPU
		{7245A893-752B-461C-9A36-BFB318927C6C}.Debug|Any CPU.ActiveCfg = Debug|Any CPU
		{7245A893-752B-461C-9A36-BFB318927C6C}.Debug|Any CPU.Build.0 = Debug|Any CPU
		{7245A893-752B-461C-9A36-BFB318927C6C}.Release|Any CPU.ActiveCfg = Release|Any CPU
		{7245A893-752B-461C-9A36-BFB318927C6C}.Release|Any CPU.Build.0 = Release|Any CPU
	EndGlobalSection
	GlobalSection(SolutionProperties) = preSolution
		HideSolutionNode = FALSE
	EndGlobalSection
	GlobalSection(ExtensibilityGlobals) = postSolution
		SolutionGuid = {B988040A-4EE5-49CF-8EB8-EDD79704B570}
	EndGlobalSection
EndGlobal
