
Microsoft Visual Studio Solution File, Format Version 12.00
# Visual Studio Version 16
VisualStudioVersion = 16.0.30114.105
MinimumVisualStudioVersion = 10.0.40219.1
Project("{FAE04EC0-301F-11D3-BF4B-00C04F79EFBC}") = "SnakeGame", "SnakeGame.csproj", "{501F02B8-8558-434C-B6A5-82207FE670AB}"
EndProject
Global
	GlobalSection(SolutionConfigurationPlatforms) = preSolution
		Debug|Any CPU = Debug|Any CPU
		Release|Any CPU = Release|Any CPU
	EndGlobalSection
	GlobalSection(ProjectConfigurationPlatforms) = postSolution
		{501F02B8-8558-434C-B6A5-82207FE670AB}.Debug|Any CPU.ActiveCfg = Debug|Any CPU
		{501F02B8-8558-434C-B6A5-82207FE670AB}.Debug|Any CPU.Build.0 = Debug|Any CPU
		{501F02B8-8558-434C-B6A5-82207FE670AB}.Release|Any CPU.ActiveCfg = Release|Any CPU
		{501F02B8-8558-434C-B6A5-82207FE670AB}.Release|Any CPU.Build.0 = Release|Any CPU
	EndGlobalSection
	GlobalSection(SolutionProperties) = preSolution
		HideSolutionNode = FALSE
	EndGlobalSection
	GlobalSection(ExtensibilityGlobals) = postSolution
		SolutionGuid = {5E8BE19A-9802-46DB-8102-28CA981C234C}
	EndGlobalSection
EndGlobal
