
Microsoft Visual Studio Solution File, Format Version 12.00
# Visual Studio Version 16
VisualStudioVersion = 16.0.30204.135
MinimumVisualStudioVersion = 10.0.40219.1
Project("{FAE04EC0-301F-11D3-BF4B-00C04F79EFBC}") = "SeekAndArchive", "SeekAndArchive.csproj", "{726532D0-5DEB-4C17-8B60-C66387694CC7}"
EndProject
Global
	GlobalSection(SolutionConfigurationPlatforms) = preSolution
		Debug|Any CPU = Debug|Any CPU
		Release|Any CPU = Release|Any CPU
	EndGlobalSection
	GlobalSection(ProjectConfigurationPlatforms) = postSolution
		{726532D0-5DEB-4C17-8B60-C66387694CC7}.Debug|Any CPU.ActiveCfg = Debug|Any CPU
		{726532D0-5DEB-4C17-8B60-C66387694CC7}.Debug|Any CPU.Build.0 = Debug|Any CPU
		{726532D0-5DEB-4C17-8B60-C66387694CC7}.Release|Any CPU.ActiveCfg = Release|Any CPU
		{726532D0-5DEB-4C17-8B60-C66387694CC7}.Release|Any CPU.Build.0 = Release|Any CPU
	EndGlobalSection
	GlobalSection(SolutionProperties) = preSolution
		HideSolutionNode = FALSE
	EndGlobalSection
	GlobalSection(ExtensibilityGlobals) = postSolution
		SolutionGuid = {75CCE558-0113-4AE7-A2AE-609E8DD655BB}
	EndGlobalSection
EndGlobal
