
Microsoft Visual Studio Solution File, Format Version 12.00
# Visual Studio Version 16
VisualStudioVersion = 16.0.30114.105
MinimumVisualStudioVersion = 10.0.40219.1
Project("{FAE04EC0-301F-11D3-BF4B-00C04F79EFBC}") = "OwnSnake", "OwnSnake.csproj", "{3FB648CE-DDF2-4C94-A96E-9538E2DAF73E}"
EndProject
Global
	GlobalSection(SolutionConfigurationPlatforms) = preSolution
		Debug|Any CPU = Debug|Any CPU
		Release|Any CPU = Release|Any CPU
	EndGlobalSection
	GlobalSection(ProjectConfigurationPlatforms) = postSolution
		{3FB648CE-DDF2-4C94-A96E-9538E2DAF73E}.Debug|Any CPU.ActiveCfg = Debug|Any CPU
		{3FB648CE-DDF2-4C94-A96E-9538E2DAF73E}.Debug|Any CPU.Build.0 = Debug|Any CPU
		{3FB648CE-DDF2-4C94-A96E-9538E2DAF73E}.Release|Any CPU.ActiveCfg = Release|Any CPU
		{3FB648CE-DDF2-4C94-A96E-9538E2DAF73E}.Release|Any CPU.Build.0 = Release|Any CPU
	EndGlobalSection
	GlobalSection(SolutionProperties) = preSolution
		HideSolutionNode = FALSE
	EndGlobalSection
	GlobalSection(ExtensibilityGlobals) = postSolution
		SolutionGuid = {7E7F4645-6A82-4C19-B172-FC236FB322E5}
	EndGlobalSection
EndGlobal
